
Microsoft Visual Studio Solution File, Format Version 12.00
# Visual Studio Version 17
VisualStudioVersion = 17.11.35222.181
MinimumVisualStudioVersion = 10.0.40219.1
Project("{FAE04EC0-301F-11D3-BF4B-00C04F79EFBC}") = "Lab4_3", "Lab4_3\Lab4_3.csproj", "{297FFB17-2F3A-404E-880F-4201B5FB6909}"
EndProject
Global
	GlobalSection(SolutionConfigurationPlatforms) = preSolution
		Debug|Any CPU = Debug|Any CPU
		Release|Any CPU = Release|Any CPU
	EndGlobalSection
	GlobalSection(ProjectConfigurationPlatforms) = postSolution
		{297FFB17-2F3A-404E-880F-4201B5FB6909}.Debug|Any CPU.ActiveCfg = Debug|Any CPU
		{297FFB17-2F3A-404E-880F-4201B5FB6909}.Debug|Any CPU.Build.0 = Debug|Any CPU
		{297FFB17-2F3A-404E-880F-4201B5FB6909}.Release|Any CPU.ActiveCfg = Release|Any CPU
		{297FFB17-2F3A-404E-880F-4201B5FB6909}.Release|Any CPU.Build.0 = Release|Any CPU
	EndGlobalSection
	GlobalSection(SolutionProperties) = preSolution
		HideSolutionNode = FALSE
	EndGlobalSection
	GlobalSection(ExtensibilityGlobals) = postSolution
		SolutionGuid = {AE43D577-9D9F-474B-B225-65F6CC29DC59}
	EndGlobalSection
EndGlobal
